
Microsoft Visual Studio Solution File, Format Version 12.00
# Visual Studio Version 17
VisualStudioVersion = 17.11.35222.181
MinimumVisualStudioVersion = 10.0.40219.1
Project("{9A19103F-16F7-4668-BE54-9A1E7A4F7556}") = "MeetingOrganizerWebAPI", "MeetingOrganizerWebAPI.csproj", "{83874235-E27C-4754-981F-6265917D1696}"
EndProject
Project("{9A19103F-16F7-4668-BE54-9A1E7A4F7556}") = "BusinessLogic(BL)", "..\..\..\Desktop\BusinessLogic(BL)\BusinessLogic(BL).csproj", "{39481D45-D500-4EE1-A8EC-9BB7493C03E3}"
EndProject
Project("{9A19103F-16F7-4668-BE54-9A1E7A4F7556}") = "DataAccessLayer(DAL)", "..\..\..\Desktop\DataAccessLayer(DAL)\DataAccessLayer(DAL).csproj", "{C17FBDB4-C32F-439E-83F7-65509F407CC5}"
EndProject
Project("{9A19103F-16F7-4668-BE54-9A1E7A4F7556}") = "Entities", "..\..\..\Desktop\Entities\Entities.csproj", "{D9DB5212-0713-47CC-8392-11808ADF3825}"
EndProject
Project("{FAE04EC0-301F-11D3-BF4B-00C04F79EFBC}") = "MeetingOrganizer.Client", "..\MeetingOrganizer.Client\MeetingOrganizer.Client.csproj", "{720B169C-791F-4BF9-8CBD-47FF0535AB10}"
EndProject
Global
	GlobalSection(SolutionConfigurationPlatforms) = preSolution
		Debug|Any CPU = Debug|Any CPU
		Release|Any CPU = Release|Any CPU
	EndGlobalSection
	GlobalSection(ProjectConfigurationPlatforms) = postSolution
		{83874235-E27C-4754-981F-6265917D1696}.Debug|Any CPU.ActiveCfg = Debug|Any CPU
		{83874235-E27C-4754-981F-6265917D1696}.Debug|Any CPU.Build.0 = Debug|Any CPU
		{83874235-E27C-4754-981F-6265917D1696}.Release|Any CPU.ActiveCfg = Release|Any CPU
		{83874235-E27C-4754-981F-6265917D1696}.Release|Any CPU.Build.0 = Release|Any CPU
		{39481D45-D500-4EE1-A8EC-9BB7493C03E3}.Debug|Any CPU.ActiveCfg = Debug|Any CPU
		{39481D45-D500-4EE1-A8EC-9BB7493C03E3}.Debug|Any CPU.Build.0 = Debug|Any CPU
		{39481D45-D500-4EE1-A8EC-9BB7493C03E3}.Release|Any CPU.ActiveCfg = Release|Any CPU
		{39481D45-D500-4EE1-A8EC-9BB7493C03E3}.Release|Any CPU.Build.0 = Release|Any CPU
		{C17FBDB4-C32F-439E-83F7-65509F407CC5}.Debug|Any CPU.ActiveCfg = Debug|Any CPU
		{C17FBDB4-C32F-439E-83F7-65509F407CC5}.Debug|Any CPU.Build.0 = Debug|Any CPU
		{C17FBDB4-C32F-439E-83F7-65509F407CC5}.Release|Any CPU.ActiveCfg = Release|Any CPU
		{C17FBDB4-C32F-439E-83F7-65509F407CC5}.Release|Any CPU.Build.0 = Release|Any CPU
		{D9DB5212-0713-47CC-8392-11808ADF3825}.Debug|Any CPU.ActiveCfg = Debug|Any CPU
		{D9DB5212-0713-47CC-8392-11808ADF3825}.Debug|Any CPU.Build.0 = Debug|Any CPU
		{D9DB5212-0713-47CC-8392-11808ADF3825}.Release|Any CPU.ActiveCfg = Release|Any CPU
		{D9DB5212-0713-47CC-8392-11808ADF3825}.Release|Any CPU.Build.0 = Release|Any CPU
		{720B169C-791F-4BF9-8CBD-47FF0535AB10}.Debug|Any CPU.ActiveCfg = Debug|Any CPU
		{720B169C-791F-4BF9-8CBD-47FF0535AB10}.Debug|Any CPU.Build.0 = Debug|Any CPU
		{720B169C-791F-4BF9-8CBD-47FF0535AB10}.Release|Any CPU.ActiveCfg = Release|Any CPU
		{720B169C-791F-4BF9-8CBD-47FF0535AB10}.Release|Any CPU.Build.0 = Release|Any CPU
	EndGlobalSection
	GlobalSection(SolutionProperties) = preSolution
		HideSolutionNode = FALSE
	EndGlobalSection
	GlobalSection(ExtensibilityGlobals) = postSolution
		SolutionGuid = {2DEBC324-5D6B-435A-BE5C-BD01DC75CF9F}
	EndGlobalSection
EndGlobal
